
Microsoft Visual Studio Solution File, Format Version 12.00
# Visual Studio Version 17
VisualStudioVersion = 17.14.36109.1 d17.14
MinimumVisualStudioVersion = 10.0.40219.1
Project("{888888A0-9F3D-457C-B088-3A5042F75D52}") = "al_final_project", "al_final_project\al_final_project.pyproj", "{40F9175C-6702-4AFC-9ABF-49BCFFCC8325}"
EndProject
Global
	GlobalSection(SolutionConfigurationPlatforms) = preSolution
		Debug|Any CPU = Debug|Any CPU
		Release|Any CPU = Release|Any CPU
	EndGlobalSection
	GlobalSection(ProjectConfigurationPlatforms) = postSolution
		{40F9175C-6702-4AFC-9ABF-49BCFFCC8325}.Debug|Any CPU.ActiveCfg = Debug|Any CPU
		{40F9175C-6702-4AFC-9ABF-49BCFFCC8325}.Release|Any CPU.ActiveCfg = Release|Any CPU
	EndGlobalSection
	GlobalSection(SolutionProperties) = preSolution
		HideSolutionNode = FALSE
	EndGlobalSection
	GlobalSection(ExtensibilityGlobals) = postSolution
		SolutionGuid = {EC04F213-E2CA-42C1-B21F-792082E61257}
	EndGlobalSection
EndGlobal
